{
  "name": "kanbix",
  "version": "1.0.0",
  "lockfileVersion": 3,
  "requires": true,
  "packages": {
    "": {
      "name": "kanbix",
      "version": "1.0.0",
      "workspaces": [
        "apps/*",
        "packages/*"
      ]
    },
    "node_modules/@kanbix/shared-types": {
      "resolved": "packages/shared-types",
      "link": true
    },
    "packages/shared-types": {
      "name": "@kanbix/shared-types",
      "version": "1.0.0"
    }
  }
}
